
Microsoft Visual Studio Solution File, Format Version 12.00
# Visual Studio Version 17
VisualStudioVersion = 17.1.32210.238
MinimumVisualStudioVersion = 10.0.40219.1
Project("{8BC9CEB8-8B4A-11D0-8D11-00A0C91BC942}") = "7785_회사에 있는 사람", "7785_회사에 있는 사람\7785_회사에 있는 사람.vcxproj", "{1E856B2E-0168-424E-A640-9A3D8F1A3A3C}"
EndProject
Project("{8BC9CEB8-8B4A-11D0-8D11-00A0C91BC942}") = "14425_문자열 집합", "14425_문자열 집합\14425_문자열 집합.vcxproj", "{8A883D8B-21E0-4C46-81A5-E9A82F881075}"
EndProject
Project("{8BC9CEB8-8B4A-11D0-8D11-00A0C91BC942}") = "2866_문자열 잘라내기", "2866_문자열 잘라내기\2866_문자열 잘라내기.vcxproj", "{0FFD29AC-E990-4E43-AC53-8735019A9C31}"
EndProject
Project("{8BC9CEB8-8B4A-11D0-8D11-00A0C91BC942}") = "연습장", "연습장\연습장.vcxproj", "{910CCA29-ADBF-433F-8713-AF370C995AA5}"
EndProject
Project("{8BC9CEB8-8B4A-11D0-8D11-00A0C91BC942}") = "2002 추월", "2002 추월\2002 추월.vcxproj", "{37C56DA8-FD1B-4164-AE78-4D4B465BE7FB}"
EndProject
Project("{8BC9CEB8-8B4A-11D0-8D11-00A0C91BC942}") = "4158 CD", "4158 CD\4158 CD.vcxproj", "{EDEA142C-35F9-4E21-8127-BF217C32DBD4}"
EndProject
Project("{8BC9CEB8-8B4A-11D0-8D11-00A0C91BC942}") = "4358 생태학", "4358 생태학\4358 생태학.vcxproj", "{CBD66C96-300C-473B-AE96-4D1AE07BCBC4}"
EndProject
Project("{8BC9CEB8-8B4A-11D0-8D11-00A0C91BC942}") = "1946 신입 사원", "1946 신입 사원\1946 신입 사원.vcxproj", "{D1576DA2-ACC9-41C2-84FF-5CB8067ABB2F}"
EndProject
Project("{8BC9CEB8-8B4A-11D0-8D11-00A0C91BC942}") = "2812 크게 만들기", "2812 크게 만들기\2812 크게 만들기.vcxproj", "{582A23B8-0C87-497D-B4E3-B77BF99D18AD}"
EndProject
Project("{8BC9CEB8-8B4A-11D0-8D11-00A0C91BC942}") = "15903 카드 합체 놀이", "15903 카드 합체 놀이\15903 카드 합체 놀이.vcxproj", "{BD46AE6A-DBBB-46B9-B3C7-42410A3FAB7A}"
EndProject
Project("{8BC9CEB8-8B4A-11D0-8D11-00A0C91BC942}") = "4779 칸토어 집합", "4779 칸토어 집합\4779 칸토어 집합.vcxproj", "{2F347110-DF63-4228-AE1D-8CDD4B3EA6DA}"
EndProject
Project("{8BC9CEB8-8B4A-11D0-8D11-00A0C91BC942}") = "2437 저울", "2437 저울\2437 저울.vcxproj", "{41E1E48A-7D50-4858-B3C1-2902A38DC227}"
EndProject
Project("{8BC9CEB8-8B4A-11D0-8D11-00A0C91BC942}") = "2178 미로 탐색", "2178 미로 탐색\2178 미로 탐색.vcxproj", "{FCD45159-0FF7-4AD7-9079-9CAF095360F0}"
EndProject
Project("{8BC9CEB8-8B4A-11D0-8D11-00A0C91BC942}") = "4963 섬의 개수", "4963 섬의 개수\4963 섬의 개수.vcxproj", "{4A4E0B74-4156-4BAF-96D8-E60072487883}"
EndProject
Project("{8BC9CEB8-8B4A-11D0-8D11-00A0C91BC942}") = "1463 1로 만들기", "1463 1로 만들기\1463 1로 만들기.vcxproj", "{6B5125F7-3EB0-4F99-B24F-2564ACF73D9F}"
EndProject
Project("{8BC9CEB8-8B4A-11D0-8D11-00A0C91BC942}") = "9184 신나는 함수 실행", "9184 신나는 함수 실행\9184 신나는 함수 실행.vcxproj", "{E7A4BC63-F6BA-4B50-AA77-F11EA19D80A5}"
EndProject
Project("{8BC9CEB8-8B4A-11D0-8D11-00A0C91BC942}") = "9461 파도반 수열", "9461 파도반 수열\9461 파도반 수열.vcxproj", "{43469D7D-623D-44F5-9174-34168C55F569}"
EndProject
Project("{8BC9CEB8-8B4A-11D0-8D11-00A0C91BC942}") = "2293 동전1", "2293 동전1\2293 동전1.vcxproj", "{02F3F36C-1CB7-4D99-8C85-ED3F125B1577}"
EndProject
Global
	GlobalSection(SolutionConfigurationPlatforms) = preSolution
		Debug|x64 = Debug|x64
		Debug|x86 = Debug|x86
		Release|x64 = Release|x64
		Release|x86 = Release|x86
	EndGlobalSection
	GlobalSection(ProjectConfigurationPlatforms) = postSolution
		{1E856B2E-0168-424E-A640-9A3D8F1A3A3C}.Debug|x64.ActiveCfg = Debug|x64
		{1E856B2E-0168-424E-A640-9A3D8F1A3A3C}.Debug|x64.Build.0 = Debug|x64
		{1E856B2E-0168-424E-A640-9A3D8F1A3A3C}.Debug|x86.ActiveCfg = Debug|Win32
		{1E856B2E-0168-424E-A640-9A3D8F1A3A3C}.Debug|x86.Build.0 = Debug|Win32
		{1E856B2E-0168-424E-A640-9A3D8F1A3A3C}.Release|x64.ActiveCfg = Release|x64
		{1E856B2E-0168-424E-A640-9A3D8F1A3A3C}.Release|x64.Build.0 = Release|x64
		{1E856B2E-0168-424E-A640-9A3D8F1A3A3C}.Release|x86.ActiveCfg = Release|Win32
		{1E856B2E-0168-424E-A640-9A3D8F1A3A3C}.Release|x86.Build.0 = Release|Win32
		{8A883D8B-21E0-4C46-81A5-E9A82F881075}.Debug|x64.ActiveCfg = Debug|x64
		{8A883D8B-21E0-4C46-81A5-E9A82F881075}.Debug|x64.Build.0 = Debug|x64
		{8A883D8B-21E0-4C46-81A5-E9A82F881075}.Debug|x86.ActiveCfg = Debug|Win32
		{8A883D8B-21E0-4C46-81A5-E9A82F881075}.Debug|x86.Build.0 = Debug|Win32
		{8A883D8B-21E0-4C46-81A5-E9A82F881075}.Release|x64.ActiveCfg = Release|x64
		{8A883D8B-21E0-4C46-81A5-E9A82F881075}.Release|x64.Build.0 = Release|x64
		{8A883D8B-21E0-4C46-81A5-E9A82F881075}.Release|x86.ActiveCfg = Release|Win32
		{8A883D8B-21E0-4C46-81A5-E9A82F881075}.Release|x86.Build.0 = Release|Win32
		{0FFD29AC-E990-4E43-AC53-8735019A9C31}.Debug|x64.ActiveCfg = Debug|x64
		{0FFD29AC-E990-4E43-AC53-8735019A9C31}.Debug|x64.Build.0 = Debug|x64
		{0FFD29AC-E990-4E43-AC53-8735019A9C31}.Debug|x86.ActiveCfg = Debug|Win32
		{0FFD29AC-E990-4E43-AC53-8735019A9C31}.Debug|x86.Build.0 = Debug|Win32
		{0FFD29AC-E990-4E43-AC53-8735019A9C31}.Release|x64.ActiveCfg = Release|x64
		{0FFD29AC-E990-4E43-AC53-8735019A9C31}.Release|x64.Build.0 = Release|x64
		{0FFD29AC-E990-4E43-AC53-8735019A9C31}.Release|x86.ActiveCfg = Release|Win32
		{0FFD29AC-E990-4E43-AC53-8735019A9C31}.Release|x86.Build.0 = Release|Win32
		{910CCA29-ADBF-433F-8713-AF370C995AA5}.Debug|x64.ActiveCfg = Debug|x64
		{910CCA29-ADBF-433F-8713-AF370C995AA5}.Debug|x64.Build.0 = Debug|x64
		{910CCA29-ADBF-433F-8713-AF370C995AA5}.Debug|x86.ActiveCfg = Debug|Win32
		{910CCA29-ADBF-433F-8713-AF370C995AA5}.Debug|x86.Build.0 = Debug|Win32
		{910CCA29-ADBF-433F-8713-AF370C995AA5}.Release|x64.ActiveCfg = Release|x64
		{910CCA29-ADBF-433F-8713-AF370C995AA5}.Release|x64.Build.0 = Release|x64
		{910CCA29-ADBF-433F-8713-AF370C995AA5}.Release|x86.ActiveCfg = Release|Win32
		{910CCA29-ADBF-433F-8713-AF370C995AA5}.Release|x86.Build.0 = Release|Win32
		{37C56DA8-FD1B-4164-AE78-4D4B465BE7FB}.Debug|x64.ActiveCfg = Debug|x64
		{37C56DA8-FD1B-4164-AE78-4D4B465BE7FB}.Debug|x64.Build.0 = Debug|x64
		{37C56DA8-FD1B-4164-AE78-4D4B465BE7FB}.Debug|x86.ActiveCfg = Debug|Win32
		{37C56DA8-FD1B-4164-AE78-4D4B465BE7FB}.Debug|x86.Build.0 = Debug|Win32
		{37C56DA8-FD1B-4164-AE78-4D4B465BE7FB}.Release|x64.ActiveCfg = Release|x64
		{37C56DA8-FD1B-4164-AE78-4D4B465BE7FB}.Release|x64.Build.0 = Release|x64
		{37C56DA8-FD1B-4164-AE78-4D4B465BE7FB}.Release|x86.ActiveCfg = Release|Win32
		{37C56DA8-FD1B-4164-AE78-4D4B465BE7FB}.Release|x86.Build.0 = Release|Win32
		{EDEA142C-35F9-4E21-8127-BF217C32DBD4}.Debug|x64.ActiveCfg = Debug|x64
		{EDEA142C-35F9-4E21-8127-BF217C32DBD4}.Debug|x64.Build.0 = Debug|x64
		{EDEA142C-35F9-4E21-8127-BF217C32DBD4}.Debug|x86.ActiveCfg = Debug|Win32
		{EDEA142C-35F9-4E21-8127-BF217C32DBD4}.Debug|x86.Build.0 = Debug|Win32
		{EDEA142C-35F9-4E21-8127-BF217C32DBD4}.Release|x64.ActiveCfg = Release|x64
		{EDEA142C-35F9-4E21-8127-BF217C32DBD4}.Release|x64.Build.0 = Release|x64
		{EDEA142C-35F9-4E21-8127-BF217C32DBD4}.Release|x86.ActiveCfg = Release|Win32
		{EDEA142C-35F9-4E21-8127-BF217C32DBD4}.Release|x86.Build.0 = Release|Win32
		{CBD66C96-300C-473B-AE96-4D1AE07BCBC4}.Debug|x64.ActiveCfg = Debug|x64
		{CBD66C96-300C-473B-AE96-4D1AE07BCBC4}.Debug|x64.Build.0 = Debug|x64
		{CBD66C96-300C-473B-AE96-4D1AE07BCBC4}.Debug|x86.ActiveCfg = Debug|Win32
		{CBD66C96-300C-473B-AE96-4D1AE07BCBC4}.Debug|x86.Build.0 = Debug|Win32
		{CBD66C96-300C-473B-AE96-4D1AE07BCBC4}.Release|x64.ActiveCfg = Release|x64
		{CBD66C96-300C-473B-AE96-4D1AE07BCBC4}.Release|x64.Build.0 = Release|x64
		{CBD66C96-300C-473B-AE96-4D1AE07BCBC4}.Release|x86.ActiveCfg = Release|Win32
		{CBD66C96-300C-473B-AE96-4D1AE07BCBC4}.Release|x86.Build.0 = Release|Win32
		{D1576DA2-ACC9-41C2-84FF-5CB8067ABB2F}.Debug|x64.ActiveCfg = Debug|x64
		{D1576DA2-ACC9-41C2-84FF-5CB8067ABB2F}.Debug|x64.Build.0 = Debug|x64
		{D1576DA2-ACC9-41C2-84FF-5CB8067ABB2F}.Debug|x86.ActiveCfg = Debug|Win32
		{D1576DA2-ACC9-41C2-84FF-5CB8067ABB2F}.Debug|x86.Build.0 = Debug|Win32
		{D1576DA2-ACC9-41C2-84FF-5CB8067ABB2F}.Release|x64.ActiveCfg = Release|x64
		{D1576DA2-ACC9-41C2-84FF-5CB8067ABB2F}.Release|x64.Build.0 = Release|x64
		{D1576DA2-ACC9-41C2-84FF-5CB8067ABB2F}.Release|x86.ActiveCfg = Release|Win32
		{D1576DA2-ACC9-41C2-84FF-5CB8067ABB2F}.Release|x86.Build.0 = Release|Win32
		{582A23B8-0C87-497D-B4E3-B77BF99D18AD}.Debug|x64.ActiveCfg = Debug|x64
		{582A23B8-0C87-497D-B4E3-B77BF99D18AD}.Debug|x64.Build.0 = Debug|x64
		{582A23B8-0C87-497D-B4E3-B77BF99D18AD}.Debug|x86.ActiveCfg = Debug|Win32
		{582A23B8-0C87-497D-B4E3-B77BF99D18AD}.Debug|x86.Build.0 = Debug|Win32
		{582A23B8-0C87-497D-B4E3-B77BF99D18AD}.Release|x64.ActiveCfg = Release|x64
		{582A23B8-0C87-497D-B4E3-B77BF99D18AD}.Release|x64.Build.0 = Release|x64
		{582A23B8-0C87-497D-B4E3-B77BF99D18AD}.Release|x86.ActiveCfg = Release|Win32
		{582A23B8-0C87-497D-B4E3-B77BF99D18AD}.Release|x86.Build.0 = Release|Win32
		{BD46AE6A-DBBB-46B9-B3C7-42410A3FAB7A}.Debug|x64.ActiveCfg = Debug|x64
		{BD46AE6A-DBBB-46B9-B3C7-42410A3FAB7A}.Debug|x64.Build.0 = Debug|x64
		{BD46AE6A-DBBB-46B9-B3C7-42410A3FAB7A}.Debug|x86.ActiveCfg = Debug|Win32
		{BD46AE6A-DBBB-46B9-B3C7-42410A3FAB7A}.Debug|x86.Build.0 = Debug|Win32
		{BD46AE6A-DBBB-46B9-B3C7-42410A3FAB7A}.Release|x64.ActiveCfg = Release|x64
		{BD46AE6A-DBBB-46B9-B3C7-42410A3FAB7A}.Release|x64.Build.0 = Release|x64
		{BD46AE6A-DBBB-46B9-B3C7-42410A3FAB7A}.Release|x86.ActiveCfg = Release|Win32
		{BD46AE6A-DBBB-46B9-B3C7-42410A3FAB7A}.Release|x86.Build.0 = Release|Win32
		{2F347110-DF63-4228-AE1D-8CDD4B3EA6DA}.Debug|x64.ActiveCfg = Debug|x64
		{2F347110-DF63-4228-AE1D-8CDD4B3EA6DA}.Debug|x64.Build.0 = Debug|x64
		{2F347110-DF63-4228-AE1D-8CDD4B3EA6DA}.Debug|x86.ActiveCfg = Debug|Win32
		{2F347110-DF63-4228-AE1D-8CDD4B3EA6DA}.Debug|x86.Build.0 = Debug|Win32
		{2F347110-DF63-4228-AE1D-8CDD4B3EA6DA}.Release|x64.ActiveCfg = Release|x64
		{2F347110-DF63-4228-AE1D-8CDD4B3EA6DA}.Release|x64.Build.0 = Release|x64
		{2F347110-DF63-4228-AE1D-8CDD4B3EA6DA}.Release|x86.ActiveCfg = Release|Win32
		{2F347110-DF63-4228-AE1D-8CDD4B3EA6DA}.Release|x86.Build.0 = Release|Win32
		{41E1E48A-7D50-4858-B3C1-2902A38DC227}.Debug|x64.ActiveCfg = Debug|x64
		{41E1E48A-7D50-4858-B3C1-2902A38DC227}.Debug|x64.Build.0 = Debug|x64
		{41E1E48A-7D50-4858-B3C1-2902A38DC227}.Debug|x86.ActiveCfg = Debug|Win32
		{41E1E48A-7D50-4858-B3C1-2902A38DC227}.Debug|x86.Build.0 = Debug|Win32
		{41E1E48A-7D50-4858-B3C1-2902A38DC227}.Release|x64.ActiveCfg = Release|x64
		{41E1E48A-7D50-4858-B3C1-2902A38DC227}.Release|x64.Build.0 = Release|x64
		{41E1E48A-7D50-4858-B3C1-2902A38DC227}.Release|x86.ActiveCfg = Release|Win32
		{41E1E48A-7D50-4858-B3C1-2902A38DC227}.Release|x86.Build.0 = Release|Win32
		{FCD45159-0FF7-4AD7-9079-9CAF095360F0}.Debug|x64.ActiveCfg = Debug|x64
		{FCD45159-0FF7-4AD7-9079-9CAF095360F0}.Debug|x64.Build.0 = Debug|x64
		{FCD45159-0FF7-4AD7-9079-9CAF095360F0}.Debug|x86.ActiveCfg = Debug|Win32
		{FCD45159-0FF7-4AD7-9079-9CAF095360F0}.Debug|x86.Build.0 = Debug|Win32
		{FCD45159-0FF7-4AD7-9079-9CAF095360F0}.Release|x64.ActiveCfg = Release|x64
		{FCD45159-0FF7-4AD7-9079-9CAF095360F0}.Release|x64.Build.0 = Release|x64
		{FCD45159-0FF7-4AD7-9079-9CAF095360F0}.Release|x86.ActiveCfg = Release|Win32
		{FCD45159-0FF7-4AD7-9079-9CAF095360F0}.Release|x86.Build.0 = Release|Win32
		{4A4E0B74-4156-4BAF-96D8-E60072487883}.Debug|x64.ActiveCfg = Debug|x64
		{4A4E0B74-4156-4BAF-96D8-E60072487883}.Debug|x64.Build.0 = Debug|x64
		{4A4E0B74-4156-4BAF-96D8-E60072487883}.Debug|x86.ActiveCfg = Debug|Win32
		{4A4E0B74-4156-4BAF-96D8-E60072487883}.Debug|x86.Build.0 = Debug|Win32
		{4A4E0B74-4156-4BAF-96D8-E60072487883}.Release|x64.ActiveCfg = Release|x64
		{4A4E0B74-4156-4BAF-96D8-E60072487883}.Release|x64.Build.0 = Release|x64
		{4A4E0B74-4156-4BAF-96D8-E60072487883}.Release|x86.ActiveCfg = Release|Win32
		{4A4E0B74-4156-4BAF-96D8-E60072487883}.Release|x86.Build.0 = Release|Win32
		{6B5125F7-3EB0-4F99-B24F-2564ACF73D9F}.Debug|x64.ActiveCfg = Debug|x64
		{6B5125F7-3EB0-4F99-B24F-2564ACF73D9F}.Debug|x64.Build.0 = Debug|x64
		{6B5125F7-3EB0-4F99-B24F-2564ACF73D9F}.Debug|x86.ActiveCfg = Debug|Win32
		{6B5125F7-3EB0-4F99-B24F-2564ACF73D9F}.Debug|x86.Build.0 = Debug|Win32
		{6B5125F7-3EB0-4F99-B24F-2564ACF73D9F}.Release|x64.ActiveCfg = Release|x64
		{6B5125F7-3EB0-4F99-B24F-2564ACF73D9F}.Release|x64.Build.0 = Release|x64
		{6B5125F7-3EB0-4F99-B24F-2564ACF73D9F}.Release|x86.ActiveCfg = Release|Win32
		{6B5125F7-3EB0-4F99-B24F-2564ACF73D9F}.Release|x86.Build.0 = Release|Win32
		{E7A4BC63-F6BA-4B50-AA77-F11EA19D80A5}.Debug|x64.ActiveCfg = Debug|x64
		{E7A4BC63-F6BA-4B50-AA77-F11EA19D80A5}.Debug|x64.Build.0 = Debug|x64
		{E7A4BC63-F6BA-4B50-AA77-F11EA19D80A5}.Debug|x86.ActiveCfg = Debug|Win32
		{E7A4BC63-F6BA-4B50-AA77-F11EA19D80A5}.Debug|x86.Build.0 = Debug|Win32
		{E7A4BC63-F6BA-4B50-AA77-F11EA19D80A5}.Release|x64.ActiveCfg = Release|x64
		{E7A4BC63-F6BA-4B50-AA77-F11EA19D80A5}.Release|x64.Build.0 = Release|x64
		{E7A4BC63-F6BA-4B50-AA77-F11EA19D80A5}.Release|x86.ActiveCfg = Release|Win32
		{E7A4BC63-F6BA-4B50-AA77-F11EA19D80A5}.Release|x86.Build.0 = Release|Win32
		{43469D7D-623D-44F5-9174-34168C55F569}.Debug|x64.ActiveCfg = Debug|x64
		{43469D7D-623D-44F5-9174-34168C55F569}.Debug|x64.Build.0 = Debug|x64
		{43469D7D-623D-44F5-9174-34168C55F569}.Debug|x86.ActiveCfg = Debug|Win32
		{43469D7D-623D-44F5-9174-34168C55F569}.Debug|x86.Build.0 = Debug|Win32
		{43469D7D-623D-44F5-9174-34168C55F569}.Release|x64.ActiveCfg = Release|x64
		{43469D7D-623D-44F5-9174-34168C55F569}.Release|x64.Build.0 = Release|x64
		{43469D7D-623D-44F5-9174-34168C55F569}.Release|x86.ActiveCfg = Release|Win32
		{43469D7D-623D-44F5-9174-34168C55F569}.Release|x86.Build.0 = Release|Win32
		{02F3F36C-1CB7-4D99-8C85-ED3F125B1577}.Debug|x64.ActiveCfg = Debug|x64
		{02F3F36C-1CB7-4D99-8C85-ED3F125B1577}.Debug|x64.Build.0 = Debug|x64
		{02F3F36C-1CB7-4D99-8C85-ED3F125B1577}.Debug|x86.ActiveCfg = Debug|Win32
		{02F3F36C-1CB7-4D99-8C85-ED3F125B1577}.Debug|x86.Build.0 = Debug|Win32
		{02F3F36C-1CB7-4D99-8C85-ED3F125B1577}.Release|x64.ActiveCfg = Release|x64
		{02F3F36C-1CB7-4D99-8C85-ED3F125B1577}.Release|x64.Build.0 = Release|x64
		{02F3F36C-1CB7-4D99-8C85-ED3F125B1577}.Release|x86.ActiveCfg = Release|Win32
		{02F3F36C-1CB7-4D99-8C85-ED3F125B1577}.Release|x86.Build.0 = Release|Win32
	EndGlobalSection
	GlobalSection(SolutionProperties) = preSolution
		HideSolutionNode = FALSE
	EndGlobalSection
	GlobalSection(ExtensibilityGlobals) = postSolution
		SolutionGuid = {29BD6EC4-6C5A-496C-87D9-8DA8B3AB97C0}
	EndGlobalSection
EndGlobal
